
Microsoft Visual Studio Solution File, Format Version 12.00
# Visual Studio Version 17
VisualStudioVersion = 17.11.35222.181
MinimumVisualStudioVersion = 10.0.40219.1
Project("{2150E333-8FDC-42A3-9474-1A3956D46DE8}") = "Solution Items", "Solution Items", "{E5B35F03-7367-4F5E-979B-946D2E1FB05E}"
	ProjectSection(SolutionItems) = preProject
		.gitignore = .gitignore
	EndProjectSection
EndProject
Project("{2150E333-8FDC-42A3-9474-1A3956D46DE8}") = "src", "src", "{D257FBC7-09EC-47A6-ADE2-7BAF26BCE83F}"
EndProject
Project("{9A19103F-16F7-4668-BE54-9A1E7A4F7556}") = "AdSetIntegrador.Application", "src\AdSetIntegrador.Application\AdSetIntegrador.Application.csproj", "{DFE13525-BE72-4BBC-8A73-25AEFA85E7C7}"
EndProject
Project("{9A19103F-16F7-4668-BE54-9A1E7A4F7556}") = "AdSetIntegrador.Communication", "src\AdSetIntegrador.Communication\AdSetIntegrador.Communication.csproj", "{E5F3E63C-46C9-4256-926B-20A6C9BEAD7A}"
EndProject
Project("{9A19103F-16F7-4668-BE54-9A1E7A4F7556}") = "AdSetIntegrador.Infrastructure", "src\AdSetIntegrador.Infrastructure\AdSetIntegrador.Infrastructure.csproj", "{640DEE20-0862-49FA-A773-7F9A934741D2}"
EndProject
Project("{9A19103F-16F7-4668-BE54-9A1E7A4F7556}") = "AdSetIntegrador.Domain", "src\AdSetIntegrador.Domain\AdSetIntegrador.Domain.csproj", "{AD65B096-C749-4B2A-BEF3-89F273BCAFC3}"
EndProject
Project("{9A19103F-16F7-4668-BE54-9A1E7A4F7556}") = "AdSetIntegrador.Exceptions", "src\AdSetIntegrador.Exception\AdSetIntegrador.Exceptions.csproj", "{FCB10BB1-9B5C-490F-93DB-546750A803B5}"
EndProject
Project("{9A19103F-16F7-4668-BE54-9A1E7A4F7556}") = "AdSetIntegrador.Presentation", "src\AdSetIntegrador.Presentation\AdSetIntegrador.Presentation.csproj", "{E5F0D2A8-7DE1-4F30-86B9-802A8FF7C1A4}"
EndProject
Global
	GlobalSection(SolutionConfigurationPlatforms) = preSolution
		Debug|Any CPU = Debug|Any CPU
		Release|Any CPU = Release|Any CPU
	EndGlobalSection
	GlobalSection(ProjectConfigurationPlatforms) = postSolution
		{DFE13525-BE72-4BBC-8A73-25AEFA85E7C7}.Debug|Any CPU.ActiveCfg = Debug|Any CPU
		{DFE13525-BE72-4BBC-8A73-25AEFA85E7C7}.Debug|Any CPU.Build.0 = Debug|Any CPU
		{DFE13525-BE72-4BBC-8A73-25AEFA85E7C7}.Release|Any CPU.ActiveCfg = Release|Any CPU
		{DFE13525-BE72-4BBC-8A73-25AEFA85E7C7}.Release|Any CPU.Build.0 = Release|Any CPU
		{E5F3E63C-46C9-4256-926B-20A6C9BEAD7A}.Debug|Any CPU.ActiveCfg = Debug|Any CPU
		{E5F3E63C-46C9-4256-926B-20A6C9BEAD7A}.Debug|Any CPU.Build.0 = Debug|Any CPU
		{E5F3E63C-46C9-4256-926B-20A6C9BEAD7A}.Release|Any CPU.ActiveCfg = Release|Any CPU
		{E5F3E63C-46C9-4256-926B-20A6C9BEAD7A}.Release|Any CPU.Build.0 = Release|Any CPU
		{640DEE20-0862-49FA-A773-7F9A934741D2}.Debug|Any CPU.ActiveCfg = Debug|Any CPU
		{640DEE20-0862-49FA-A773-7F9A934741D2}.Debug|Any CPU.Build.0 = Debug|Any CPU
		{640DEE20-0862-49FA-A773-7F9A934741D2}.Release|Any CPU.ActiveCfg = Release|Any CPU
		{640DEE20-0862-49FA-A773-7F9A934741D2}.Release|Any CPU.Build.0 = Release|Any CPU
		{AD65B096-C749-4B2A-BEF3-89F273BCAFC3}.Debug|Any CPU.ActiveCfg = Debug|Any CPU
		{AD65B096-C749-4B2A-BEF3-89F273BCAFC3}.Debug|Any CPU.Build.0 = Debug|Any CPU
		{AD65B096-C749-4B2A-BEF3-89F273BCAFC3}.Release|Any CPU.ActiveCfg = Release|Any CPU
		{AD65B096-C749-4B2A-BEF3-89F273BCAFC3}.Release|Any CPU.Build.0 = Release|Any CPU
		{FCB10BB1-9B5C-490F-93DB-546750A803B5}.Debug|Any CPU.ActiveCfg = Debug|Any CPU
		{FCB10BB1-9B5C-490F-93DB-546750A803B5}.Debug|Any CPU.Build.0 = Debug|Any CPU
		{FCB10BB1-9B5C-490F-93DB-546750A803B5}.Release|Any CPU.ActiveCfg = Release|Any CPU
		{FCB10BB1-9B5C-490F-93DB-546750A803B5}.Release|Any CPU.Build.0 = Release|Any CPU
		{E5F0D2A8-7DE1-4F30-86B9-802A8FF7C1A4}.Debug|Any CPU.ActiveCfg = Debug|Any CPU
		{E5F0D2A8-7DE1-4F30-86B9-802A8FF7C1A4}.Debug|Any CPU.Build.0 = Debug|Any CPU
		{E5F0D2A8-7DE1-4F30-86B9-802A8FF7C1A4}.Release|Any CPU.ActiveCfg = Release|Any CPU
		{E5F0D2A8-7DE1-4F30-86B9-802A8FF7C1A4}.Release|Any CPU.Build.0 = Release|Any CPU
	EndGlobalSection
	GlobalSection(SolutionProperties) = preSolution
		HideSolutionNode = FALSE
	EndGlobalSection
	GlobalSection(NestedProjects) = preSolution
		{DFE13525-BE72-4BBC-8A73-25AEFA85E7C7} = {D257FBC7-09EC-47A6-ADE2-7BAF26BCE83F}
		{E5F3E63C-46C9-4256-926B-20A6C9BEAD7A} = {D257FBC7-09EC-47A6-ADE2-7BAF26BCE83F}
		{640DEE20-0862-49FA-A773-7F9A934741D2} = {D257FBC7-09EC-47A6-ADE2-7BAF26BCE83F}
		{AD65B096-C749-4B2A-BEF3-89F273BCAFC3} = {D257FBC7-09EC-47A6-ADE2-7BAF26BCE83F}
		{FCB10BB1-9B5C-490F-93DB-546750A803B5} = {D257FBC7-09EC-47A6-ADE2-7BAF26BCE83F}
		{E5F0D2A8-7DE1-4F30-86B9-802A8FF7C1A4} = {D257FBC7-09EC-47A6-ADE2-7BAF26BCE83F}
	EndGlobalSection
	GlobalSection(ExtensibilityGlobals) = postSolution
		SolutionGuid = {9D9C378E-6579-4FC2-A752-AC70C1A79C13}
	EndGlobalSection
EndGlobal
